
Microsoft Visual Studio Solution File, Format Version 12.00
# Visual Studio 15
VisualStudioVersion = 15.0.27703.2026
MinimumVisualStudioVersion = 10.0.40219.1
Project("{FAE04EC0-301F-11D3-BF4B-00C04F79EFBC}") = "DAL", "DAL\DAL.csproj", "{B75A8D31-79C2-4EFC-9F26-F6C3E1FB8D22}"
EndProject
Project("{FAE04EC0-301F-11D3-BF4B-00C04F79EFBC}") = "Domain", "Domain\Domain.csproj", "{34517E90-C0EC-4B45-994D-BF1A8BC411E1}"
EndProject
Project("{FAE04EC0-301F-11D3-BF4B-00C04F79EFBC}") = "WebUI", "WebUI\WebUI.csproj", "{9C4A8B1A-4052-4FE4-A193-7BF5466176CC}"
EndProject
Global
	GlobalSection(SolutionConfigurationPlatforms) = preSolution
		Debug|Any CPU = Debug|Any CPU
		Release|Any CPU = Release|Any CPU
	EndGlobalSection
	GlobalSection(ProjectConfigurationPlatforms) = postSolution
		{B75A8D31-79C2-4EFC-9F26-F6C3E1FB8D22}.Debug|Any CPU.ActiveCfg = Debug|Any CPU
		{B75A8D31-79C2-4EFC-9F26-F6C3E1FB8D22}.Debug|Any CPU.Build.0 = Debug|Any CPU
		{B75A8D31-79C2-4EFC-9F26-F6C3E1FB8D22}.Release|Any CPU.ActiveCfg = Release|Any CPU
		{B75A8D31-79C2-4EFC-9F26-F6C3E1FB8D22}.Release|Any CPU.Build.0 = Release|Any CPU
		{34517E90-C0EC-4B45-994D-BF1A8BC411E1}.Debug|Any CPU.ActiveCfg = Debug|Any CPU
		{34517E90-C0EC-4B45-994D-BF1A8BC411E1}.Debug|Any CPU.Build.0 = Debug|Any CPU
		{34517E90-C0EC-4B45-994D-BF1A8BC411E1}.Release|Any CPU.ActiveCfg = Release|Any CPU
		{34517E90-C0EC-4B45-994D-BF1A8BC411E1}.Release|Any CPU.Build.0 = Release|Any CPU
		{9C4A8B1A-4052-4FE4-A193-7BF5466176CC}.Debug|Any CPU.ActiveCfg = Debug|Any CPU
		{9C4A8B1A-4052-4FE4-A193-7BF5466176CC}.Debug|Any CPU.Build.0 = Debug|Any CPU
		{9C4A8B1A-4052-4FE4-A193-7BF5466176CC}.Release|Any CPU.ActiveCfg = Release|Any CPU
		{9C4A8B1A-4052-4FE4-A193-7BF5466176CC}.Release|Any CPU.Build.0 = Release|Any CPU
	EndGlobalSection
	GlobalSection(SolutionProperties) = preSolution
		HideSolutionNode = FALSE
	EndGlobalSection
	GlobalSection(ExtensibilityGlobals) = postSolution
		SolutionGuid = {D753AB77-17F7-4918-B73C-AAE0B517DF1C}
	EndGlobalSection
EndGlobal
